// !$*UTF8*$!
{
	archiveVersion = 1;
	classes = {
	};
	objectVersion = 56;
	objects = {

/* Begin PBXBuildFile section */
		749A20DC2BFE1B4B00E27123 /* TableViewWeatherCell.swift in Sources */ = {isa = PBXBuildFile; fileRef = 749A20DB2BFE1B4B00E27123 /* TableViewWeatherCell.swift */; };
		74BC9A802BD7E67000BE6205 /* MainViewController.swift in Sources */ = {isa = PBXBuildFile; fileRef = 74BC9A7F2BD7E67000BE6205 /* MainViewController.swift */; };
		74BC9A852BD7F0AB00BE6205 /* MainControllerProtocol.swift in Sources */ = {isa = PBXBuildFile; fileRef = 74BC9A842BD7F0AB00BE6205 /* MainControllerProtocol.swift */; };
		74BC9A892BD7F11400BE6205 /* MainPresenterProtocol.swift in Sources */ = {isa = PBXBuildFile; fileRef = 74BC9A882BD7F11400BE6205 /* MainPresenterProtocol.swift */; };
		74BC9A8B2BD7F24C00BE6205 /* MainAssembly.swift in Sources */ = {isa = PBXBuildFile; fileRef = 74BC9A8A2BD7F24C00BE6205 /* MainAssembly.swift */; };
		74BC9A8D2BD7F2BA00BE6205 /* MainPresenter.swift in Sources */ = {isa = PBXBuildFile; fileRef = 74BC9A8C2BD7F2BA00BE6205 /* MainPresenter.swift */; };
		74BC9A8F2BD8121000BE6205 /* MainCurrentWeather.swift in Sources */ = {isa = PBXBuildFile; fileRef = 74BC9A8E2BD8121000BE6205 /* MainCurrentWeather.swift */; };
		74D750A52BD2FCB800586CC0 /* AppDelegate.swift in Sources */ = {isa = PBXBuildFile; fileRef = 74D750A42BD2FCB800586CC0 /* AppDelegate.swift */; };
		74D750A72BD2FCB800586CC0 /* SceneDelegate.swift in Sources */ = {isa = PBXBuildFile; fileRef = 74D750A62BD2FCB800586CC0 /* SceneDelegate.swift */; };
		74D750AE2BD2FCB900586CC0 /* Assets.xcassets in Resources */ = {isa = PBXBuildFile; fileRef = 74D750AD2BD2FCB900586CC0 /* Assets.xcassets */; };
		74D750B12BD2FCB900586CC0 /* Base in Resources */ = {isa = PBXBuildFile; fileRef = 74D750B02BD2FCB900586CC0 /* Base */; };
		74F8ECFF2BDBF725007310E6 /* CurrentWeatherCell.swift in Sources */ = {isa = PBXBuildFile; fileRef = 74F8ECFE2BDBF725007310E6 /* CurrentWeatherCell.swift */; };
		74F8ED012BDC049B007310E6 /* WeekWeatherCell.swift in Sources */ = {isa = PBXBuildFile; fileRef = 74F8ED002BDC049B007310E6 /* WeekWeatherCell.swift */; };
/* End PBXBuildFile section */

/* Begin PBXFileReference section */
		749A20DB2BFE1B4B00E27123 /* TableViewWeatherCell.swift */ = {isa = PBXFileReference; lastKnownFileType = sourcecode.swift; path = TableViewWeatherCell.swift; sourceTree = "<group>"; };
		74BC9A7F2BD7E67000BE6205 /* MainViewController.swift */ = {isa = PBXFileReference; lastKnownFileType = sourcecode.swift; path = MainViewController.swift; sourceTree = "<group>"; };
		74BC9A842BD7F0AB00BE6205 /* MainControllerProtocol.swift */ = {isa = PBXFileReference; lastKnownFileType = sourcecode.swift; path = MainControllerProtocol.swift; sourceTree = "<group>"; };
		74BC9A882BD7F11400BE6205 /* MainPresenterProtocol.swift */ = {isa = PBXFileReference; lastKnownFileType = sourcecode.swift; path = MainPresenterProtocol.swift; sourceTree = "<group>"; };
		74BC9A8A2BD7F24C00BE6205 /* MainAssembly.swift */ = {isa = PBXFileReference; lastKnownFileType = sourcecode.swift; path = MainAssembly.swift; sourceTree = "<group>"; };
		74BC9A8C2BD7F2BA00BE6205 /* MainPresenter.swift */ = {isa = PBXFileReference; lastKnownFileType = sourcecode.swift; path = MainPresenter.swift; sourceTree = "<group>"; };
		74BC9A8E2BD8121000BE6205 /* MainCurrentWeather.swift */ = {isa = PBXFileReference; lastKnownFileType = sourcecode.swift; path = MainCurrentWeather.swift; sourceTree = "<group>"; };
		74D750A12BD2FCB800586CC0 /* weather.app */ = {isa = PBXFileReference; explicitFileType = wrapper.application; includeInIndex = 0; path = weather.app; sourceTree = BUILT_PRODUCTS_DIR; };
		74D750A42BD2FCB800586CC0 /* AppDelegate.swift */ = {isa = PBXFileReference; lastKnownFileType = sourcecode.swift; path = AppDelegate.swift; sourceTree = "<group>"; };
		74D750A62BD2FCB800586CC0 /* SceneDelegate.swift */ = {isa = PBXFileReference; lastKnownFileType = sourcecode.swift; path = SceneDelegate.swift; sourceTree = "<group>"; };
		74D750AD2BD2FCB900586CC0 /* Assets.xcassets */ = {isa = PBXFileReference; lastKnownFileType = folder.assetcatalog; path = Assets.xcassets; sourceTree = "<group>"; };
		74D750B02BD2FCB900586CC0 /* Base */ = {isa = PBXFileReference; lastKnownFileType = file.storyboard; name = Base; path = Base.lproj/LaunchScreen.storyboard; sourceTree = "<group>"; };
		74D750B22BD2FCB900586CC0 /* Info.plist */ = {isa = PBXFileReference; lastKnownFileType = text.plist.xml; path = Info.plist; sourceTree = "<group>"; };
		74F8ECFE2BDBF725007310E6 /* CurrentWeatherCell.swift */ = {isa = PBXFileReference; lastKnownFileType = sourcecode.swift; path = CurrentWeatherCell.swift; sourceTree = "<group>"; };
		74F8ED002BDC049B007310E6 /* WeekWeatherCell.swift */ = {isa = PBXFileReference; lastKnownFileType = sourcecode.swift; path = WeekWeatherCell.swift; sourceTree = "<group>"; };
/* End PBXFileReference section */

/* Begin PBXFrameworksBuildPhase section */
		74D7509E2BD2FCB800586CC0 /* Frameworks */ = {
			isa = PBXFrameworksBuildPhase;
			buildActionMask = 2147483647;
			files = (
			);
			runOnlyForDeploymentPostprocessing = 0;
		};
/* End PBXFrameworksBuildPhase section */

/* Begin PBXGroup section */
		74A61BFA2C003DC700BC63D9 /* Network */ = {
			isa = PBXGroup;
			children = (
			);
			path = Network;
			sourceTree = "<group>";
		};
		74BC9A7E2BD7E65100BE6205 /* Main */ = {
			isa = PBXGroup;
			children = (
				74BC9A8A2BD7F24C00BE6205 /* MainAssembly.swift */,
				74BC9A8C2BD7F2BA00BE6205 /* MainPresenter.swift */,
				74BC9A7F2BD7E67000BE6205 /* MainViewController.swift */,
				74BC9A902BD8418400BE6205 /* Models */,
				74BC9A832BD7F08900BE6205 /* Protocols */,
			);
			path = Main;
			sourceTree = "<group>";
		};
		74BC9A832BD7F08900BE6205 /* Protocols */ = {
			isa = PBXGroup;
			children = (
				74BC9A842BD7F0AB00BE6205 /* MainControllerProtocol.swift */,
				74BC9A882BD7F11400BE6205 /* MainPresenterProtocol.swift */,
			);
			path = Protocols;
			sourceTree = "<group>";
		};
		74BC9A902BD8418400BE6205 /* Models */ = {
			isa = PBXGroup;
			children = (
				74BC9A8E2BD8121000BE6205 /* MainCurrentWeather.swift */,
			);
			path = Models;
			sourceTree = "<group>";
		};
		74D750982BD2FCB800586CC0 = {
			isa = PBXGroup;
			children = (
				74D750A32BD2FCB800586CC0 /* weather */,
				74D750A22BD2FCB800586CC0 /* Products */,
			);
			sourceTree = "<group>";
		};
		74D750A22BD2FCB800586CC0 /* Products */ = {
			isa = PBXGroup;
			children = (
				74D750A12BD2FCB800586CC0 /* weather.app */,
			);
			name = Products;
			sourceTree = "<group>";
		};
		74D750A32BD2FCB800586CC0 /* weather */ = {
			isa = PBXGroup;
			children = (
				74A61BFA2C003DC700BC63D9 /* Network */,
				74D750B92BD2FEAF00586CC0 /* Application */,
				74F8ECFD2BDBF709007310E6 /* Cells */,
				74D750BA2BD304F000586CC0 /* Controllers */,
				74D750B82BD2FDE200586CC0 /* SupportingFiles */,
			);
			path = weather;
			sourceTree = "<group>";
		};
		74D750B82BD2FDE200586CC0 /* SupportingFiles */ = {
			isa = PBXGroup;
			children = (
				74D750B22BD2FCB900586CC0 /* Info.plist */,
				74D750AD2BD2FCB900586CC0 /* Assets.xcassets */,
				74D750AF2BD2FCB900586CC0 /* LaunchScreen.storyboard */,
			);
			path = SupportingFiles;
			sourceTree = "<group>";
		};
		74D750B92BD2FEAF00586CC0 /* Application */ = {
			isa = PBXGroup;
			children = (
				74D750A42BD2FCB800586CC0 /* AppDelegate.swift */,
				74D750A62BD2FCB800586CC0 /* SceneDelegate.swift */,
			);
			path = Application;
			sourceTree = "<group>";
		};
		74D750BA2BD304F000586CC0 /* Controllers */ = {
			isa = PBXGroup;
			children = (
				74BC9A7E2BD7E65100BE6205 /* Main */,
			);
			path = Controllers;
			sourceTree = "<group>";
		};
		74F8ECFD2BDBF709007310E6 /* Cells */ = {
			isa = PBXGroup;
			children = (
				74F8ECFE2BDBF725007310E6 /* CurrentWeatherCell.swift */,
				74F8ED002BDC049B007310E6 /* WeekWeatherCell.swift */,
				749A20DB2BFE1B4B00E27123 /* TableViewWeatherCell.swift */,
			);
			path = Cells;
			sourceTree = "<group>";
		};
/* End PBXGroup section */

/* Begin PBXNativeTarget section */
		74D750A02BD2FCB800586CC0 /* weather */ = {
			isa = PBXNativeTarget;
			buildConfigurationList = 74D750B52BD2FCB900586CC0 /* Build configuration list for PBXNativeTarget "weather" */;
			buildPhases = (
				74D7509D2BD2FCB800586CC0 /* Sources */,
				74D7509E2BD2FCB800586CC0 /* Frameworks */,
				74D7509F2BD2FCB800586CC0 /* Resources */,
			);
			buildRules = (
			);
			dependencies = (
			);
			name = weather;
			productName = weather;
			productReference = 74D750A12BD2FCB800586CC0 /* weather.app */;
			productType = "com.apple.product-type.application";
		};
/* End PBXNativeTarget section */

/* Begin PBXProject section */
		74D750992BD2FCB800586CC0 /* Project object */ = {
			isa = PBXProject;
			attributes = {
				BuildIndependentTargetsInParallel = 1;
				LastSwiftUpdateCheck = 1530;
				LastUpgradeCheck = 1530;
				TargetAttributes = {
					74D750A02BD2FCB800586CC0 = {
						CreatedOnToolsVersion = 15.3;
					};
				};
			};
			buildConfigurationList = 74D7509C2BD2FCB800586CC0 /* Build configuration list for PBXProject "weather" */;
			compatibilityVersion = "Xcode 14.0";
			developmentRegion = en;
			hasScannedForEncodings = 0;
			knownRegions = (
				en,
				Base,
			);
			mainGroup = 74D750982BD2FCB800586CC0;
			productRefGroup = 74D750A22BD2FCB800586CC0 /* Products */;
			projectDirPath = "";
			projectRoot = "";
			targets = (
				74D750A02BD2FCB800586CC0 /* weather */,
			);
		};
/* End PBXProject section */

/* Begin PBXResourcesBuildPhase section */
		74D7509F2BD2FCB800586CC0 /* Resources */ = {
			isa = PBXResourcesBuildPhase;
			buildActionMask = 2147483647;
			files = (
				74D750AE2BD2FCB900586CC0 /* Assets.xcassets in Resources */,
				74D750B12BD2FCB900586CC0 /* Base in Resources */,
			);
			runOnlyForDeploymentPostprocessing = 0;
		};
/* End PBXResourcesBuildPhase section */

/* Begin PBXSourcesBuildPhase section */
		74D7509D2BD2FCB800586CC0 /* Sources */ = {
			isa = PBXSourcesBuildPhase;
			buildActionMask = 2147483647;
			files = (
				74BC9A802BD7E67000BE6205 /* MainViewController.swift in Sources */,
				74BC9A8D2BD7F2BA00BE6205 /* MainPresenter.swift in Sources */,
				74BC9A892BD7F11400BE6205 /* MainPresenterProtocol.swift in Sources */,
				74F8ECFF2BDBF725007310E6 /* CurrentWeatherCell.swift in Sources */,
				74BC9A8F2BD8121000BE6205 /* MainCurrentWeather.swift in Sources */,
				74D750A52BD2FCB800586CC0 /* AppDelegate.swift in Sources */,
				74BC9A852BD7F0AB00BE6205 /* MainControllerProtocol.swift in Sources */,
				749A20DC2BFE1B4B00E27123 /* TableViewWeatherCell.swift in Sources */,
				74F8ED012BDC049B007310E6 /* WeekWeatherCell.swift in Sources */,
				74BC9A8B2BD7F24C00BE6205 /* MainAssembly.swift in Sources */,
				74D750A72BD2FCB800586CC0 /* SceneDelegate.swift in Sources */,
			);
			runOnlyForDeploymentPostprocessing = 0;
		};
/* End PBXSourcesBuildPhase section */

/* Begin PBXVariantGroup section */
		74D750AF2BD2FCB900586CC0 /* LaunchScreen.storyboard */ = {
			isa = PBXVariantGroup;
			children = (
				74D750B02BD2FCB900586CC0 /* Base */,
			);
			name = LaunchScreen.storyboard;
			sourceTree = "<group>";
		};
/* End PBXVariantGroup section */

/* Begin XCBuildConfiguration section */
		74D750B32BD2FCB900586CC0 /* Debug */ = {
			isa = XCBuildConfiguration;
			buildSettings = {
				ALWAYS_SEARCH_USER_PATHS = NO;
				ASSETCATALOG_COMPILER_GENERATE_SWIFT_ASSET_SYMBOL_EXTENSIONS = YES;
				CLANG_ANALYZER_NONNULL = YES;
				CLANG_ANALYZER_NUMBER_OBJECT_CONVERSION = YES_AGGRESSIVE;
				CLANG_CXX_LANGUAGE_STANDARD = "gnu++20";
				CLANG_ENABLE_MODULES = YES;
				CLANG_ENABLE_OBJC_ARC = YES;
				CLANG_ENABLE_OBJC_WEAK = YES;
				CLANG_WARN_BLOCK_CAPTURE_AUTORELEASING = YES;
				CLANG_WARN_BOOL_CONVERSION = YES;
				CLANG_WARN_COMMA = YES;
				CLANG_WARN_CONSTANT_CONVERSION = YES;
				CLANG_WARN_DEPRECATED_OBJC_IMPLEMENTATIONS = YES;
				CLANG_WARN_DIRECT_OBJC_ISA_USAGE = YES_ERROR;
				CLANG_WARN_DOCUMENTATION_COMMENTS = YES;
				CLANG_WARN_EMPTY_BODY = YES;
				CLANG_WARN_ENUM_CONVERSION = YES;
				CLANG_WARN_INFINITE_RECURSION = YES;
				CLANG_WARN_INT_CONVERSION = YES;
				CLANG_WARN_NON_LITERAL_NULL_CONVERSION = YES;
				CLANG_WARN_OBJC_IMPLICIT_RETAIN_SELF = YES;
				CLANG_WARN_OBJC_LITERAL_CONVERSION = YES;
				CLANG_WARN_OBJC_ROOT_CLASS = YES_ERROR;
				CLANG_WARN_QUOTED_INCLUDE_IN_FRAMEWORK_HEADER = YES;
				CLANG_WARN_RANGE_LOOP_ANALYSIS = YES;
				CLANG_WARN_STRICT_PROTOTYPES = YES;
				CLANG_WARN_SUSPICIOUS_MOVE = YES;
				CLANG_WARN_UNGUARDED_AVAILABILITY = YES_AGGRESSIVE;
				CLANG_WARN_UNREACHABLE_CODE = YES;
				CLANG_WARN__DUPLICATE_METHOD_MATCH = YES;
				COPY_PHASE_STRIP = NO;
				DEBUG_INFORMATION_FORMAT = dwarf;
				ENABLE_STRICT_OBJC_MSGSEND = YES;
				ENABLE_TESTABILITY = YES;
				ENABLE_USER_SCRIPT_SANDBOXING = YES;
				GCC_C_LANGUAGE_STANDARD = gnu17;
				GCC_DYNAMIC_NO_PIC = NO;
				GCC_NO_COMMON_BLOCKS = YES;
				GCC_OPTIMIZATION_LEVEL = 0;
				GCC_PREPROCESSOR_DEFINITIONS = (
					"DEBUG=1",
					"$(inherited)",
				);
				GCC_WARN_64_TO_32_BIT_CONVERSION = YES;
				GCC_WARN_ABOUT_RETURN_TYPE = YES_ERROR;
				GCC_WARN_UNDECLARED_SELECTOR = YES;
				GCC_WARN_UNINITIALIZED_AUTOS = YES_AGGRESSIVE;
				GCC_WARN_UNUSED_FUNCTION = YES;
				GCC_WARN_UNUSED_VARIABLE = YES;
				IPHONEOS_DEPLOYMENT_TARGET = 17.4;
				LOCALIZATION_PREFERS_STRING_CATALOGS = YES;
				MTL_ENABLE_DEBUG_INFO = INCLUDE_SOURCE;
				MTL_FAST_MATH = YES;
				ONLY_ACTIVE_ARCH = YES;
				SDKROOT = iphoneos;
				SWIFT_ACTIVE_COMPILATION_CONDITIONS = "DEBUG $(inherited)";
				SWIFT_OPTIMIZATION_LEVEL = "-Onone";
			};
			name = Debug;
		};
		74D750B42BD2FCB900586CC0 /* Release */ = {
			isa = XCBuildConfiguration;
			buildSettings = {
				ALWAYS_SEARCH_USER_PATHS = NO;
				ASSETCATALOG_COMPILER_GENERATE_SWIFT_ASSET_SYMBOL_EXTENSIONS = YES;
				CLANG_ANALYZER_NONNULL = YES;
				CLANG_ANALYZER_NUMBER_OBJECT_CONVERSION = YES_AGGRESSIVE;
				CLANG_CXX_LANGUAGE_STANDARD = "gnu++20";
				CLANG_ENABLE_MODULES = YES;
				CLANG_ENABLE_OBJC_ARC = YES;
				CLANG_ENABLE_OBJC_WEAK = YES;
				CLANG_WARN_BLOCK_CAPTURE_AUTORELEASING = YES;
				CLANG_WARN_BOOL_CONVERSION = YES;
				CLANG_WARN_COMMA = YES;
				CLANG_WARN_CONSTANT_CONVERSION = YES;
				CLANG_WARN_DEPRECATED_OBJC_IMPLEMENTATIONS = YES;
				CLANG_WARN_DIRECT_OBJC_ISA_USAGE = YES_ERROR;
				CLANG_WARN_DOCUMENTATION_COMMENTS = YES;
				CLANG_WARN_EMPTY_BODY = YES;
				CLANG_WARN_ENUM_CONVERSION = YES;
				CLANG_WARN_INFINITE_RECURSION = YES;
				CLANG_WARN_INT_CONVERSION = YES;
				CLANG_WARN_NON_LITERAL_NULL_CONVERSION = YES;
				CLANG_WARN_OBJC_IMPLICIT_RETAIN_SELF = YES;
				CLANG_WARN_OBJC_LITERAL_CONVERSION = YES;
				CLANG_WARN_OBJC_ROOT_CLASS = YES_ERROR;
				CLANG_WARN_QUOTED_INCLUDE_IN_FRAMEWORK_HEADER = YES;
				CLANG_WARN_RANGE_LOOP_ANALYSIS = YES;
				CLANG_WARN_STRICT_PROTOTYPES = YES;
				CLANG_WARN_SUSPICIOUS_MOVE = YES;
				CLANG_WARN_UNGUARDED_AVAILABILITY = YES_AGGRESSIVE;
				CLANG_WARN_UNREACHABLE_CODE = YES;
				CLANG_WARN__DUPLICATE_METHOD_MATCH = YES;
				COPY_PHASE_STRIP = NO;
				DEBUG_INFORMATION_FORMAT = "dwarf-with-dsym";
				ENABLE_NS_ASSERTIONS = NO;
				ENABLE_STRICT_OBJC_MSGSEND = YES;
				ENABLE_USER_SCRIPT_SANDBOXING = YES;
				GCC_C_LANGUAGE_STANDARD = gnu17;
				GCC_NO_COMMON_BLOCKS = YES;
				GCC_WARN_64_TO_32_BIT_CONVERSION = YES;
				GCC_WARN_ABOUT_RETURN_TYPE = YES_ERROR;
				GCC_WARN_UNDECLARED_SELECTOR = YES;
				GCC_WARN_UNINITIALIZED_AUTOS = YES_AGGRESSIVE;
				GCC_WARN_UNUSED_FUNCTION = YES;
				GCC_WARN_UNUSED_VARIABLE = YES;
				IPHONEOS_DEPLOYMENT_TARGET = 17.4;
				LOCALIZATION_PREFERS_STRING_CATALOGS = YES;
				MTL_ENABLE_DEBUG_INFO = NO;
				MTL_FAST_MATH = YES;
				SDKROOT = iphoneos;
				SWIFT_COMPILATION_MODE = wholemodule;
				VALIDATE_PRODUCT = YES;
			};
			name = Release;
		};
		74D750B62BD2FCB900586CC0 /* Debug */ = {
			isa = XCBuildConfiguration;
			buildSettings = {
				ASSETCATALOG_COMPILER_APPICON_NAME = AppIcon;
				ASSETCATALOG_COMPILER_GLOBAL_ACCENT_COLOR_NAME = AccentColor;
				CODE_SIGN_STYLE = Automatic;
				CURRENT_PROJECT_VERSION = 1;
				DEVELOPMENT_TEAM = 848CGPJKXP;
				GENERATE_INFOPLIST_FILE = YES;
				INFOPLIST_FILE = weather/SupportingFiles/Info.plist;
				INFOPLIST_KEY_UIApplicationSupportsIndirectInputEvents = YES;
				INFOPLIST_KEY_UILaunchStoryboardName = LaunchScreen;
				INFOPLIST_KEY_UISupportedInterfaceOrientations_iPad = "UIInterfaceOrientationPortrait UIInterfaceOrientationPortraitUpsideDown UIInterfaceOrientationLandscapeLeft UIInterfaceOrientationLandscapeRight";
				INFOPLIST_KEY_UISupportedInterfaceOrientations_iPhone = "UIInterfaceOrientationPortrait UIInterfaceOrientationLandscapeLeft UIInterfaceOrientationLandscapeRight";
				LD_RUNPATH_SEARCH_PATHS = (
					"$(inherited)",
					"@executable_path/Frameworks",
				);
				MARKETING_VERSION = 1.0;
				PRODUCT_BUNDLE_IDENTIFIER = yundoff.weather;
				PRODUCT_NAME = "$(TARGET_NAME)";
				SUPPORTED_PLATFORMS = "iphoneos iphonesimulator";
				SUPPORTS_MACCATALYST = NO;
				SUPPORTS_MAC_DESIGNED_FOR_IPHONE_IPAD = NO;
				SUPPORTS_XR_DESIGNED_FOR_IPHONE_IPAD = NO;
				SWIFT_EMIT_LOC_STRINGS = YES;
				SWIFT_VERSION = 5.0;
				TARGETED_DEVICE_FAMILY = 1;
			};
			name = Debug;
		};
		74D750B72BD2FCB900586CC0 /* Release */ = {
			isa = XCBuildConfiguration;
			buildSettings = {
				ASSETCATALOG_COMPILER_APPICON_NAME = AppIcon;
				ASSETCATALOG_COMPILER_GLOBAL_ACCENT_COLOR_NAME = AccentColor;
				CODE_SIGN_STYLE = Automatic;
				CURRENT_PROJECT_VERSION = 1;
				DEVELOPMENT_TEAM = 848CGPJKXP;
				GENERATE_INFOPLIST_FILE = YES;
				INFOPLIST_FILE = weather/SupportingFiles/Info.plist;
				INFOPLIST_KEY_UIApplicationSupportsIndirectInputEvents = YES;
				INFOPLIST_KEY_UILaunchStoryboardName = LaunchScreen;
				INFOPLIST_KEY_UISupportedInterfaceOrientations_iPad = "UIInterfaceOrientationPortrait UIInterfaceOrientationPortraitUpsideDown UIInterfaceOrientationLandscapeLeft UIInterfaceOrientationLandscapeRight";
				INFOPLIST_KEY_UISupportedInterfaceOrientations_iPhone = "UIInterfaceOrientationPortrait UIInterfaceOrientationLandscapeLeft UIInterfaceOrientationLandscapeRight";
				LD_RUNPATH_SEARCH_PATHS = (
					"$(inherited)",
					"@executable_path/Frameworks",
				);
				MARKETING_VERSION = 1.0;
				PRODUCT_BUNDLE_IDENTIFIER = yundoff.weather;
				PRODUCT_NAME = "$(TARGET_NAME)";
				SUPPORTED_PLATFORMS = "iphoneos iphonesimulator";
				SUPPORTS_MACCATALYST = NO;
				SUPPORTS_MAC_DESIGNED_FOR_IPHONE_IPAD = NO;
				SUPPORTS_XR_DESIGNED_FOR_IPHONE_IPAD = NO;
				SWIFT_EMIT_LOC_STRINGS = YES;
				SWIFT_VERSION = 5.0;
				TARGETED_DEVICE_FAMILY = 1;
			};
			name = Release;
		};
/* End XCBuildConfiguration section */

/* Begin XCConfigurationList section */
		74D7509C2BD2FCB800586CC0 /* Build configuration list for PBXProject "weather" */ = {
			isa = XCConfigurationList;
			buildConfigurations = (
				74D750B32BD2FCB900586CC0 /* Debug */,
				74D750B42BD2FCB900586CC0 /* Release */,
			);
			defaultConfigurationIsVisible = 0;
			defaultConfigurationName = Release;
		};
		74D750B52BD2FCB900586CC0 /* Build configuration list for PBXNativeTarget "weather" */ = {
			isa = XCConfigurationList;
			buildConfigurations = (
				74D750B62BD2FCB900586CC0 /* Debug */,
				74D750B72BD2FCB900586CC0 /* Release */,
			);
			defaultConfigurationIsVisible = 0;
			defaultConfigurationName = Release;
		};
/* End XCConfigurationList section */
	};
	rootObject = 74D750992BD2FCB800586CC0 /* Project object */;
}
